
Microsoft Visual Studio Solution File, Format Version 12.00
# Visual Studio Version 16
VisualStudioVersion = 16.0.31112.23
MinimumVisualStudioVersion = 10.0.40219.1
Project("{FAE04EC0-301F-11D3-BF4B-00C04F79EFBC}") = "ProjectTest", "ProjectTest\ProjectTest.csproj", "{9DBB36AA-1585-491B-888B-245E59F88975}"
EndProject
Global
	GlobalSection(SolutionConfigurationPlatforms) = preSolution
		Debug|Any CPU = Debug|Any CPU
		Release|Any CPU = Release|Any CPU
	EndGlobalSection
	GlobalSection(ProjectConfigurationPlatforms) = postSolution
		{9DBB36AA-1585-491B-888B-245E59F88975}.Debug|Any CPU.ActiveCfg = Debug|Any CPU
		{9DBB36AA-1585-491B-888B-245E59F88975}.Debug|Any CPU.Build.0 = Debug|Any CPU
		{9DBB36AA-1585-491B-888B-245E59F88975}.Release|Any CPU.ActiveCfg = Release|Any CPU
		{9DBB36AA-1585-491B-888B-245E59F88975}.Release|Any CPU.Build.0 = Release|Any CPU
	EndGlobalSection
	GlobalSection(SolutionProperties) = preSolution
		HideSolutionNode = FALSE
	EndGlobalSection
	GlobalSection(ExtensibilityGlobals) = postSolution
		SolutionGuid = {13F7146D-8DE3-4BDD-A60F-A707F49C32C5}
	EndGlobalSection
EndGlobal
